
Microsoft Visual Studio Solution File, Format Version 12.00
# Visual Studio 15
VisualStudioVersion = 15.0.27428.2015
MinimumVisualStudioVersion = 10.0.40219.1
Project("{FAE04EC0-301F-11D3-BF4B-00C04F79EFBC}") = "HtmlMinifier", "HtmlMinifier\HtmlMinifier.csproj", "{F5A28FC2-0660-47AA-960F-7E87A9F49D1E}"
EndProject
Global
	GlobalSection(SolutionConfigurationPlatforms) = preSolution
		Debug|Any CPU = Debug|Any CPU
		Release|Any CPU = Release|Any CPU
	EndGlobalSection
	GlobalSection(ProjectConfigurationPlatforms) = postSolution
		{F5A28FC2-0660-47AA-960F-7E87A9F49D1E}.Debug|Any CPU.ActiveCfg = Debug|Any CPU
		{F5A28FC2-0660-47AA-960F-7E87A9F49D1E}.Debug|Any CPU.Build.0 = Debug|Any CPU
		{F5A28FC2-0660-47AA-960F-7E87A9F49D1E}.Release|Any CPU.ActiveCfg = Release|Any CPU
		{F5A28FC2-0660-47AA-960F-7E87A9F49D1E}.Release|Any CPU.Build.0 = Release|Any CPU
	EndGlobalSection
	GlobalSection(SolutionProperties) = preSolution
		HideSolutionNode = FALSE
	EndGlobalSection
	GlobalSection(ExtensibilityGlobals) = postSolution
		SolutionGuid = {8FC71BC4-85C5-4526-89EC-026695D3BFDE}
	EndGlobalSection
EndGlobal
